// !$*UTF8*$!
{
	archiveVersion = 1;
	classes = {
	};
	objectVersion = 55;
	objects = {

/* Begin PBXBuildFile section */
		ACD3F742270F9E6B0031A986 /* AppDelegate.swift in Sources */ = {isa = PBXBuildFile; fileRef = ACD3F741270F9E6B0031A986 /* AppDelegate.swift */; };
		ACD3F744270F9E6B0031A986 /* SceneDelegate.swift in Sources */ = {isa = PBXBuildFile; fileRef = ACD3F743270F9E6B0031A986 /* SceneDelegate.swift */; };
		ACD3F746270F9E6B0031A986 /* ViewController.swift in Sources */ = {isa = PBXBuildFile; fileRef = ACD3F745270F9E6B0031A986 /* ViewController.swift */; };
		ACD3F749270F9E6B0031A986 /* Main.storyboard in Resources */ = {isa = PBXBuildFile; fileRef = ACD3F747270F9E6B0031A986 /* Main.storyboard */; };
		ACD3F74B270F9E6D0031A986 /* Assets.xcassets in Resources */ = {isa = PBXBuildFile; fileRef = ACD3F74A270F9E6D0031A986 /* Assets.xcassets */; };
		ACD3F74E270F9E6D0031A986 /* LaunchScreen.storyboard in Resources */ = {isa = PBXBuildFile; fileRef = ACD3F74C270F9E6D0031A986 /* LaunchScreen.storyboard */; };
		ACD3F759270F9E6D0031A986 /* RESTTutorialTests.swift in Sources */ = {isa = PBXBuildFile; fileRef = ACD3F758270F9E6D0031A986 /* RESTTutorialTests.swift */; };
		ACD3F763270F9E6D0031A986 /* RESTTutorialUITests.swift in Sources */ = {isa = PBXBuildFile; fileRef = ACD3F762270F9E6D0031A986 /* RESTTutorialUITests.swift */; };
		ACD3F765270F9E6D0031A986 /* RESTTutorialUITestsLaunchTests.swift in Sources */ = {isa = PBXBuildFile; fileRef = ACD3F764270F9E6D0031A986 /* RESTTutorialUITestsLaunchTests.swift */; };
		ACD3F774270FA0010031A986 /* Models.swift in Sources */ = {isa = PBXBuildFile; fileRef = ACD3F773270FA0010031A986 /* Models.swift */; };
		ACD3F778270FA7DA0031A986 /* JikanDataSoure.swift in Sources */ = {isa = PBXBuildFile; fileRef = ACD3F777270FA7DA0031A986 /* JikanDataSoure.swift */; };
		ACD3F77D270FB0C00031A986 /* Kingfisher in Frameworks */ = {isa = PBXBuildFile; productRef = ACD3F77C270FB0C00031A986 /* Kingfisher */; };
		ACD3F77F270FBAAA0031A986 /* MainViewModel.swift in Sources */ = {isa = PBXBuildFile; fileRef = ACD3F77E270FBAAA0031A986 /* MainViewModel.swift */; };
		ACD3F782270FEA6B0031A986 /* .gitignore in Resources */ = {isa = PBXBuildFile; fileRef = ACD3F781270FEA6B0031A986 /* .gitignore */; };
/* End PBXBuildFile section */

/* Begin PBXContainerItemProxy section */
		ACD3F755270F9E6D0031A986 /* PBXContainerItemProxy */ = {
			isa = PBXContainerItemProxy;
			containerPortal = ACD3F736270F9E6B0031A986 /* Project object */;
			proxyType = 1;
			remoteGlobalIDString = ACD3F73D270F9E6B0031A986;
			remoteInfo = RESTTutorial;
		};
		ACD3F75F270F9E6D0031A986 /* PBXContainerItemProxy */ = {
			isa = PBXContainerItemProxy;
			containerPortal = ACD3F736270F9E6B0031A986 /* Project object */;
			proxyType = 1;
			remoteGlobalIDString = ACD3F73D270F9E6B0031A986;
			remoteInfo = RESTTutorial;
		};
/* End PBXContainerItemProxy section */

/* Begin PBXFileReference section */
		ACD3F73E270F9E6B0031A986 /* GuessTheCharacter.app */ = {isa = PBXFileReference; explicitFileType = wrapper.application; includeInIndex = 0; path = GuessTheCharacter.app; sourceTree = BUILT_PRODUCTS_DIR; };
		ACD3F741270F9E6B0031A986 /* AppDelegate.swift */ = {isa = PBXFileReference; lastKnownFileType = sourcecode.swift; path = AppDelegate.swift; sourceTree = "<group>"; };
		ACD3F743270F9E6B0031A986 /* SceneDelegate.swift */ = {isa = PBXFileReference; lastKnownFileType = sourcecode.swift; path = SceneDelegate.swift; sourceTree = "<group>"; };
		ACD3F745270F9E6B0031A986 /* ViewController.swift */ = {isa = PBXFileReference; lastKnownFileType = sourcecode.swift; path = ViewController.swift; sourceTree = "<group>"; };
		ACD3F748270F9E6B0031A986 /* Base */ = {isa = PBXFileReference; lastKnownFileType = file.storyboard; name = Base; path = Base.lproj/Main.storyboard; sourceTree = "<group>"; };
		ACD3F74A270F9E6D0031A986 /* Assets.xcassets */ = {isa = PBXFileReference; lastKnownFileType = folder.assetcatalog; path = Assets.xcassets; sourceTree = "<group>"; };
		ACD3F74D270F9E6D0031A986 /* Base */ = {isa = PBXFileReference; lastKnownFileType = file.storyboard; name = Base; path = Base.lproj/LaunchScreen.storyboard; sourceTree = "<group>"; };
		ACD3F74F270F9E6D0031A986 /* Info.plist */ = {isa = PBXFileReference; lastKnownFileType = text.plist.xml; path = Info.plist; sourceTree = "<group>"; };
		ACD3F754270F9E6D0031A986 /* GuessTheCharacterTests.xctest */ = {isa = PBXFileReference; explicitFileType = wrapper.cfbundle; includeInIndex = 0; path = GuessTheCharacterTests.xctest; sourceTree = BUILT_PRODUCTS_DIR; };
		ACD3F758270F9E6D0031A986 /* RESTTutorialTests.swift */ = {isa = PBXFileReference; lastKnownFileType = sourcecode.swift; path = RESTTutorialTests.swift; sourceTree = "<group>"; };
		ACD3F75E270F9E6D0031A986 /* GuessTheCharacterUITests.xctest */ = {isa = PBXFileReference; explicitFileType = wrapper.cfbundle; includeInIndex = 0; path = GuessTheCharacterUITests.xctest; sourceTree = BUILT_PRODUCTS_DIR; };
		ACD3F762270F9E6D0031A986 /* RESTTutorialUITests.swift */ = {isa = PBXFileReference; lastKnownFileType = sourcecode.swift; path = RESTTutorialUITests.swift; sourceTree = "<group>"; };
		ACD3F764270F9E6D0031A986 /* RESTTutorialUITestsLaunchTests.swift */ = {isa = PBXFileReference; lastKnownFileType = sourcecode.swift; path = RESTTutorialUITestsLaunchTests.swift; sourceTree = "<group>"; };
		ACD3F773270FA0010031A986 /* Models.swift */ = {isa = PBXFileReference; lastKnownFileType = sourcecode.swift; path = Models.swift; sourceTree = "<group>"; };
		ACD3F777270FA7DA0031A986 /* JikanDataSoure.swift */ = {isa = PBXFileReference; lastKnownFileType = sourcecode.swift; path = JikanDataSoure.swift; sourceTree = "<group>"; };
		ACD3F77E270FBAAA0031A986 /* MainViewModel.swift */ = {isa = PBXFileReference; lastKnownFileType = sourcecode.swift; path = MainViewModel.swift; sourceTree = "<group>"; };
		ACD3F781270FEA6B0031A986 /* .gitignore */ = {isa = PBXFileReference; lastKnownFileType = text; path = .gitignore; sourceTree = "<group>"; };
/* End PBXFileReference section */

/* Begin PBXFrameworksBuildPhase section */
		ACD3F73B270F9E6B0031A986 /* Frameworks */ = {
			isa = PBXFrameworksBuildPhase;
			buildActionMask = 2147483647;
			files = (
				ACD3F77D270FB0C00031A986 /* Kingfisher in Frameworks */,
			);
			runOnlyForDeploymentPostprocessing = 0;
		};
		ACD3F751270F9E6D0031A986 /* Frameworks */ = {
			isa = PBXFrameworksBuildPhase;
			buildActionMask = 2147483647;
			files = (
			);
			runOnlyForDeploymentPostprocessing = 0;
		};
		ACD3F75B270F9E6D0031A986 /* Frameworks */ = {
			isa = PBXFrameworksBuildPhase;
			buildActionMask = 2147483647;
			files = (
			);
			runOnlyForDeploymentPostprocessing = 0;
		};
/* End PBXFrameworksBuildPhase section */

/* Begin PBXGroup section */
		ACD3F735270F9E6B0031A986 = {
			isa = PBXGroup;
			children = (
				ACD3F781270FEA6B0031A986 /* .gitignore */,
				ACD3F740270F9E6B0031A986 /* GuessTheCharacter */,
				ACD3F757270F9E6D0031A986 /* GuessTheCharacterTests */,
				ACD3F761270F9E6D0031A986 /* GuessTheCharacterUITests */,
				ACD3F73F270F9E6B0031A986 /* Products */,
			);
			sourceTree = "<group>";
		};
		ACD3F73F270F9E6B0031A986 /* Products */ = {
			isa = PBXGroup;
			children = (
				ACD3F73E270F9E6B0031A986 /* GuessTheCharacter.app */,
				ACD3F754270F9E6D0031A986 /* GuessTheCharacterTests.xctest */,
				ACD3F75E270F9E6D0031A986 /* GuessTheCharacterUITests.xctest */,
			);
			name = Products;
			sourceTree = "<group>";
		};
		ACD3F740270F9E6B0031A986 /* GuessTheCharacter */ = {
			isa = PBXGroup;
			children = (
				ACD3F779270FAA340031A986 /* Views */,
				ACD3F775270FA7BB0031A986 /* Network */,
				ACD3F772270F9FEC0031A986 /* Models */,
				ACD3F741270F9E6B0031A986 /* AppDelegate.swift */,
				ACD3F743270F9E6B0031A986 /* SceneDelegate.swift */,
				ACD3F74A270F9E6D0031A986 /* Assets.xcassets */,
				ACD3F74C270F9E6D0031A986 /* LaunchScreen.storyboard */,
				ACD3F74F270F9E6D0031A986 /* Info.plist */,
			);
			path = GuessTheCharacter;
			sourceTree = "<group>";
		};
		ACD3F757270F9E6D0031A986 /* GuessTheCharacterTests */ = {
			isa = PBXGroup;
			children = (
				ACD3F758270F9E6D0031A986 /* RESTTutorialTests.swift */,
			);
			path = GuessTheCharacterTests;
			sourceTree = "<group>";
		};
		ACD3F761270F9E6D0031A986 /* GuessTheCharacterUITests */ = {
			isa = PBXGroup;
			children = (
				ACD3F762270F9E6D0031A986 /* RESTTutorialUITests.swift */,
				ACD3F764270F9E6D0031A986 /* RESTTutorialUITestsLaunchTests.swift */,
			);
			path = GuessTheCharacterUITests;
			sourceTree = "<group>";
		};
		ACD3F772270F9FEC0031A986 /* Models */ = {
			isa = PBXGroup;
			children = (
				ACD3F773270FA0010031A986 /* Models.swift */,
			);
			path = Models;
			sourceTree = "<group>";
		};
		ACD3F775270FA7BB0031A986 /* Network */ = {
			isa = PBXGroup;
			children = (
				ACD3F777270FA7DA0031A986 /* JikanDataSoure.swift */,
			);
			path = Network;
			sourceTree = "<group>";
		};
		ACD3F779270FAA340031A986 /* Views */ = {
			isa = PBXGroup;
			children = (
				ACD3F77A270FAA840031A986 /* Main */,
			);
			path = Views;
			sourceTree = "<group>";
		};
		ACD3F77A270FAA840031A986 /* Main */ = {
			isa = PBXGroup;
			children = (
				ACD3F747270F9E6B0031A986 /* Main.storyboard */,
				ACD3F745270F9E6B0031A986 /* ViewController.swift */,
				ACD3F77E270FBAAA0031A986 /* MainViewModel.swift */,
			);
			path = Main;
			sourceTree = "<group>";
		};
/* End PBXGroup section */

/* Begin PBXNativeTarget section */
		ACD3F73D270F9E6B0031A986 /* GuessTheCharacter */ = {
			isa = PBXNativeTarget;
			buildConfigurationList = ACD3F768270F9E6D0031A986 /* Build configuration list for PBXNativeTarget "GuessTheCharacter" */;
			buildPhases = (
				ACD3F73A270F9E6B0031A986 /* Sources */,
				ACD3F73B270F9E6B0031A986 /* Frameworks */,
				ACD3F73C270F9E6B0031A986 /* Resources */,
			);
			buildRules = (
			);
			dependencies = (
			);
			name = GuessTheCharacter;
			packageProductDependencies = (
				ACD3F77C270FB0C00031A986 /* Kingfisher */,
			);
			productName = RESTTutorial;
			productReference = ACD3F73E270F9E6B0031A986 /* GuessTheCharacter.app */;
			productType = "com.apple.product-type.application";
		};
		ACD3F753270F9E6D0031A986 /* GuessTheCharacterTests */ = {
			isa = PBXNativeTarget;
			buildConfigurationList = ACD3F76B270F9E6D0031A986 /* Build configuration list for PBXNativeTarget "GuessTheCharacterTests" */;
			buildPhases = (
				ACD3F750270F9E6D0031A986 /* Sources */,
				ACD3F751270F9E6D0031A986 /* Frameworks */,
				ACD3F752270F9E6D0031A986 /* Resources */,
			);
			buildRules = (
			);
			dependencies = (
				ACD3F756270F9E6D0031A986 /* PBXTargetDependency */,
			);
			name = GuessTheCharacterTests;
			productName = RESTTutorialTests;
			productReference = ACD3F754270F9E6D0031A986 /* GuessTheCharacterTests.xctest */;
			productType = "com.apple.product-type.bundle.unit-test";
		};
		ACD3F75D270F9E6D0031A986 /* GuessTheCharacterUITests */ = {
			isa = PBXNativeTarget;
			buildConfigurationList = ACD3F76E270F9E6D0031A986 /* Build configuration list for PBXNativeTarget "GuessTheCharacterUITests" */;
			buildPhases = (
				ACD3F75A270F9E6D0031A986 /* Sources */,
				ACD3F75B270F9E6D0031A986 /* Frameworks */,
				ACD3F75C270F9E6D0031A986 /* Resources */,
			);
			buildRules = (
			);
			dependencies = (
				ACD3F760270F9E6D0031A986 /* PBXTargetDependency */,
			);
			name = GuessTheCharacterUITests;
			productName = RESTTutorialUITests;
			productReference = ACD3F75E270F9E6D0031A986 /* GuessTheCharacterUITests.xctest */;
			productType = "com.apple.product-type.bundle.ui-testing";
		};
/* End PBXNativeTarget section */

/* Begin PBXProject section */
		ACD3F736270F9E6B0031A986 /* Project object */ = {
			isa = PBXProject;
			attributes = {
				BuildIndependentTargetsInParallel = 1;
				LastSwiftUpdateCheck = 1300;
				LastUpgradeCheck = 1300;
				TargetAttributes = {
					ACD3F73D270F9E6B0031A986 = {
						CreatedOnToolsVersion = 13.0;
					};
					ACD3F753270F9E6D0031A986 = {
						CreatedOnToolsVersion = 13.0;
						TestTargetID = ACD3F73D270F9E6B0031A986;
					};
					ACD3F75D270F9E6D0031A986 = {
						CreatedOnToolsVersion = 13.0;
						TestTargetID = ACD3F73D270F9E6B0031A986;
					};
				};
			};
			buildConfigurationList = ACD3F739270F9E6B0031A986 /* Build configuration list for PBXProject "GuessTheCharacter" */;
			compatibilityVersion = "Xcode 13.0";
			developmentRegion = en;
			hasScannedForEncodings = 0;
			knownRegions = (
				en,
				Base,
			);
			mainGroup = ACD3F735270F9E6B0031A986;
			packageReferences = (
				ACD3F77B270FB0C00031A986 /* XCRemoteSwiftPackageReference "Kingfisher" */,
			);
			productRefGroup = ACD3F73F270F9E6B0031A986 /* Products */;
			projectDirPath = "";
			projectRoot = "";
			targets = (
				ACD3F73D270F9E6B0031A986 /* GuessTheCharacter */,
				ACD3F753270F9E6D0031A986 /* GuessTheCharacterTests */,
				ACD3F75D270F9E6D0031A986 /* GuessTheCharacterUITests */,
			);
		};
/* End PBXProject section */

/* Begin PBXResourcesBuildPhase section */
		ACD3F73C270F9E6B0031A986 /* Resources */ = {
			isa = PBXResourcesBuildPhase;
			buildActionMask = 2147483647;
			files = (
				ACD3F782270FEA6B0031A986 /* .gitignore in Resources */,
				ACD3F74E270F9E6D0031A986 /* LaunchScreen.storyboard in Resources */,
				ACD3F74B270F9E6D0031A986 /* Assets.xcassets in Resources */,
				ACD3F749270F9E6B0031A986 /* Main.storyboard in Resources */,
			);
			runOnlyForDeploymentPostprocessing = 0;
		};
		ACD3F752270F9E6D0031A986 /* Resources */ = {
			isa = PBXResourcesBuildPhase;
			buildActionMask = 2147483647;
			files = (
			);
			runOnlyForDeploymentPostprocessing = 0;
		};
		ACD3F75C270F9E6D0031A986 /* Resources */ = {
			isa = PBXResourcesBuildPhase;
			buildActionMask = 2147483647;
			files = (
			);
			runOnlyForDeploymentPostprocessing = 0;
		};
/* End PBXResourcesBuildPhase section */

/* Begin PBXSourcesBuildPhase section */
		ACD3F73A270F9E6B0031A986 /* Sources */ = {
			isa = PBXSourcesBuildPhase;
			buildActionMask = 2147483647;
			files = (
				ACD3F746270F9E6B0031A986 /* ViewController.swift in Sources */,
				ACD3F778270FA7DA0031A986 /* JikanDataSoure.swift in Sources */,
				ACD3F742270F9E6B0031A986 /* AppDelegate.swift in Sources */,
				ACD3F744270F9E6B0031A986 /* SceneDelegate.swift in Sources */,
				ACD3F774270FA0010031A986 /* Models.swift in Sources */,
				ACD3F77F270FBAAA0031A986 /* MainViewModel.swift in Sources */,
			);
			runOnlyForDeploymentPostprocessing = 0;
		};
		ACD3F750270F9E6D0031A986 /* Sources */ = {
			isa = PBXSourcesBuildPhase;
			buildActionMask = 2147483647;
			files = (
				ACD3F759270F9E6D0031A986 /* RESTTutorialTests.swift in Sources */,
			);
			runOnlyForDeploymentPostprocessing = 0;
		};
		ACD3F75A270F9E6D0031A986 /* Sources */ = {
			isa = PBXSourcesBuildPhase;
			buildActionMask = 2147483647;
			files = (
				ACD3F765270F9E6D0031A986 /* RESTTutorialUITestsLaunchTests.swift in Sources */,
				ACD3F763270F9E6D0031A986 /* RESTTutorialUITests.swift in Sources */,
			);
			runOnlyForDeploymentPostprocessing = 0;
		};
/* End PBXSourcesBuildPhase section */

/* Begin PBXTargetDependency section */
		ACD3F756270F9E6D0031A986 /* PBXTargetDependency */ = {
			isa = PBXTargetDependency;
			target = ACD3F73D270F9E6B0031A986 /* GuessTheCharacter */;
			targetProxy = ACD3F755270F9E6D0031A986 /* PBXContainerItemProxy */;
		};
		ACD3F760270F9E6D0031A986 /* PBXTargetDependency */ = {
			isa = PBXTargetDependency;
			target = ACD3F73D270F9E6B0031A986 /* GuessTheCharacter */;
			targetProxy = ACD3F75F270F9E6D0031A986 /* PBXContainerItemProxy */;
		};
/* End PBXTargetDependency section */

/* Begin PBXVariantGroup section */
		ACD3F747270F9E6B0031A986 /* Main.storyboard */ = {
			isa = PBXVariantGroup;
			children = (
				ACD3F748270F9E6B0031A986 /* Base */,
			);
			name = Main.storyboard;
			sourceTree = "<group>";
		};
		ACD3F74C270F9E6D0031A986 /* LaunchScreen.storyboard */ = {
			isa = PBXVariantGroup;
			children = (
				ACD3F74D270F9E6D0031A986 /* Base */,
			);
			name = LaunchScreen.storyboard;
			sourceTree = "<group>";
		};
/* End PBXVariantGroup section */

/* Begin XCBuildConfiguration section */
		ACD3F766270F9E6D0031A986 /* Debug */ = {
			isa = XCBuildConfiguration;
			buildSettings = {
				ALWAYS_SEARCH_USER_PATHS = NO;
				CLANG_ANALYZER_NONNULL = YES;
				CLANG_ANALYZER_NUMBER_OBJECT_CONVERSION = YES_AGGRESSIVE;
				CLANG_CXX_LANGUAGE_STANDARD = "gnu++17";
				CLANG_CXX_LIBRARY = "libc++";
				CLANG_ENABLE_MODULES = YES;
				CLANG_ENABLE_OBJC_ARC = YES;
				CLANG_ENABLE_OBJC_WEAK = YES;
				CLANG_WARN_BLOCK_CAPTURE_AUTORELEASING = YES;
				CLANG_WARN_BOOL_CONVERSION = YES;
				CLANG_WARN_COMMA = YES;
				CLANG_WARN_CONSTANT_CONVERSION = YES;
				CLANG_WARN_DEPRECATED_OBJC_IMPLEMENTATIONS = YES;
				CLANG_WARN_DIRECT_OBJC_ISA_USAGE = YES_ERROR;
				CLANG_WARN_DOCUMENTATION_COMMENTS = YES;
				CLANG_WARN_EMPTY_BODY = YES;
				CLANG_WARN_ENUM_CONVERSION = YES;
				CLANG_WARN_INFINITE_RECURSION = YES;
				CLANG_WARN_INT_CONVERSION = YES;
				CLANG_WARN_NON_LITERAL_NULL_CONVERSION = YES;
				CLANG_WARN_OBJC_IMPLICIT_RETAIN_SELF = YES;
				CLANG_WARN_OBJC_LITERAL_CONVERSION = YES;
				CLANG_WARN_OBJC_ROOT_CLASS = YES_ERROR;
				CLANG_WARN_QUOTED_INCLUDE_IN_FRAMEWORK_HEADER = YES;
				CLANG_WARN_RANGE_LOOP_ANALYSIS = YES;
				CLANG_WARN_STRICT_PROTOTYPES = YES;
				CLANG_WARN_SUSPICIOUS_MOVE = YES;
				CLANG_WARN_UNGUARDED_AVAILABILITY = YES_AGGRESSIVE;
				CLANG_WARN_UNREACHABLE_CODE = YES;
				CLANG_WARN__DUPLICATE_METHOD_MATCH = YES;
				COPY_PHASE_STRIP = NO;
				DEBUG_INFORMATION_FORMAT = dwarf;
				ENABLE_STRICT_OBJC_MSGSEND = YES;
				ENABLE_TESTABILITY = YES;
				GCC_C_LANGUAGE_STANDARD = gnu11;
				GCC_DYNAMIC_NO_PIC = NO;
				GCC_NO_COMMON_BLOCKS = YES;
				GCC_OPTIMIZATION_LEVEL = 0;
				GCC_PREPROCESSOR_DEFINITIONS = (
					"DEBUG=1",
					"$(inherited)",
				);
				GCC_WARN_64_TO_32_BIT_CONVERSION = YES;
				GCC_WARN_ABOUT_RETURN_TYPE = YES_ERROR;
				GCC_WARN_UNDECLARED_SELECTOR = YES;
				GCC_WARN_UNINITIALIZED_AUTOS = YES_AGGRESSIVE;
				GCC_WARN_UNUSED_FUNCTION = YES;
				GCC_WARN_UNUSED_VARIABLE = YES;
				IPHONEOS_DEPLOYMENT_TARGET = 15.0;
				MTL_ENABLE_DEBUG_INFO = INCLUDE_SOURCE;
				MTL_FAST_MATH = YES;
				ONLY_ACTIVE_ARCH = YES;
				SDKROOT = iphoneos;
				SWIFT_ACTIVE_COMPILATION_CONDITIONS = DEBUG;
				SWIFT_OPTIMIZATION_LEVEL = "-Onone";
			};
			name = Debug;
		};
		ACD3F767270F9E6D0031A986 /* Release */ = {
			isa = XCBuildConfiguration;
			buildSettings = {
				ALWAYS_SEARCH_USER_PATHS = NO;
				CLANG_ANALYZER_NONNULL = YES;
				CLANG_ANALYZER_NUMBER_OBJECT_CONVERSION = YES_AGGRESSIVE;
				CLANG_CXX_LANGUAGE_STANDARD = "gnu++17";
				CLANG_CXX_LIBRARY = "libc++";
				CLANG_ENABLE_MODULES = YES;
				CLANG_ENABLE_OBJC_ARC = YES;
				CLANG_ENABLE_OBJC_WEAK = YES;
				CLANG_WARN_BLOCK_CAPTURE_AUTORELEASING = YES;
				CLANG_WARN_BOOL_CONVERSION = YES;
				CLANG_WARN_COMMA = YES;
				CLANG_WARN_CONSTANT_CONVERSION = YES;
				CLANG_WARN_DEPRECATED_OBJC_IMPLEMENTATIONS = YES;
				CLANG_WARN_DIRECT_OBJC_ISA_USAGE = YES_ERROR;
				CLANG_WARN_DOCUMENTATION_COMMENTS = YES;
				CLANG_WARN_EMPTY_BODY = YES;
				CLANG_WARN_ENUM_CONVERSION = YES;
				CLANG_WARN_INFINITE_RECURSION = YES;
				CLANG_WARN_INT_CONVERSION = YES;
				CLANG_WARN_NON_LITERAL_NULL_CONVERSION = YES;
				CLANG_WARN_OBJC_IMPLICIT_RETAIN_SELF = YES;
				CLANG_WARN_OBJC_LITERAL_CONVERSION = YES;
				CLANG_WARN_OBJC_ROOT_CLASS = YES_ERROR;
				CLANG_WARN_QUOTED_INCLUDE_IN_FRAMEWORK_HEADER = YES;
				CLANG_WARN_RANGE_LOOP_ANALYSIS = YES;
				CLANG_WARN_STRICT_PROTOTYPES = YES;
				CLANG_WARN_SUSPICIOUS_MOVE = YES;
				CLANG_WARN_UNGUARDED_AVAILABILITY = YES_AGGRESSIVE;
				CLANG_WARN_UNREACHABLE_CODE = YES;
				CLANG_WARN__DUPLICATE_METHOD_MATCH = YES;
				COPY_PHASE_STRIP = NO;
				DEBUG_INFORMATION_FORMAT = "dwarf-with-dsym";
				ENABLE_NS_ASSERTIONS = NO;
				ENABLE_STRICT_OBJC_MSGSEND = YES;
				GCC_C_LANGUAGE_STANDARD = gnu11;
				GCC_NO_COMMON_BLOCKS = YES;
				GCC_WARN_64_TO_32_BIT_CONVERSION = YES;
				GCC_WARN_ABOUT_RETURN_TYPE = YES_ERROR;
				GCC_WARN_UNDECLARED_SELECTOR = YES;
				GCC_WARN_UNINITIALIZED_AUTOS = YES_AGGRESSIVE;
				GCC_WARN_UNUSED_FUNCTION = YES;
				GCC_WARN_UNUSED_VARIABLE = YES;
				IPHONEOS_DEPLOYMENT_TARGET = 15.0;
				MTL_ENABLE_DEBUG_INFO = NO;
				MTL_FAST_MATH = YES;
				SDKROOT = iphoneos;
				SWIFT_COMPILATION_MODE = wholemodule;
				SWIFT_OPTIMIZATION_LEVEL = "-O";
				VALIDATE_PRODUCT = YES;
			};
			name = Release;
		};
		ACD3F769270F9E6D0031A986 /* Debug */ = {
			isa = XCBuildConfiguration;
			buildSettings = {
				ASSETCATALOG_COMPILER_APPICON_NAME = AppIcon;
				ASSETCATALOG_COMPILER_GLOBAL_ACCENT_COLOR_NAME = AccentColor;
				CODE_SIGN_STYLE = Automatic;
				CURRENT_PROJECT_VERSION = 1;
				DEVELOPMENT_TEAM = 46R45ZQFCZ;
				GENERATE_INFOPLIST_FILE = YES;
				INFOPLIST_FILE = GuessTheCharacter/Info.plist;
				INFOPLIST_KEY_UIApplicationSupportsIndirectInputEvents = YES;
				INFOPLIST_KEY_UILaunchStoryboardName = LaunchScreen;
				INFOPLIST_KEY_UIMainStoryboardFile = Main;
				INFOPLIST_KEY_UISupportedInterfaceOrientations_iPad = "UIInterfaceOrientationPortrait UIInterfaceOrientationPortraitUpsideDown UIInterfaceOrientationLandscapeLeft UIInterfaceOrientationLandscapeRight";
				INFOPLIST_KEY_UISupportedInterfaceOrientations_iPhone = "UIInterfaceOrientationPortrait UIInterfaceOrientationLandscapeLeft UIInterfaceOrientationLandscapeRight";
				LD_RUNPATH_SEARCH_PATHS = (
					"$(inherited)",
					"@executable_path/Frameworks",
				);
				MARKETING_VERSION = 1.0;
				PRODUCT_BUNDLE_IDENTIFIER = com.fmaldonado.GuessTheCharacter;
				PRODUCT_NAME = "$(TARGET_NAME)";
				SWIFT_EMIT_LOC_STRINGS = YES;
				SWIFT_VERSION = 5.0;
				TARGETED_DEVICE_FAMILY = "1,2";
			};
			name = Debug;
		};
		ACD3F76A270F9E6D0031A986 /* Release */ = {
			isa = XCBuildConfiguration;
			buildSettings = {
				ASSETCATALOG_COMPILER_APPICON_NAME = AppIcon;
				ASSETCATALOG_COMPILER_GLOBAL_ACCENT_COLOR_NAME = AccentColor;
				CODE_SIGN_STYLE = Automatic;
				CURRENT_PROJECT_VERSION = 1;
				DEVELOPMENT_TEAM = 46R45ZQFCZ;
				GENERATE_INFOPLIST_FILE = YES;
				INFOPLIST_FILE = GuessTheCharacter/Info.plist;
				INFOPLIST_KEY_UIApplicationSupportsIndirectInputEvents = YES;
				INFOPLIST_KEY_UILaunchStoryboardName = LaunchScreen;
				INFOPLIST_KEY_UIMainStoryboardFile = Main;
				INFOPLIST_KEY_UISupportedInterfaceOrientations_iPad = "UIInterfaceOrientationPortrait UIInterfaceOrientationPortraitUpsideDown UIInterfaceOrientationLandscapeLeft UIInterfaceOrientationLandscapeRight";
				INFOPLIST_KEY_UISupportedInterfaceOrientations_iPhone = "UIInterfaceOrientationPortrait UIInterfaceOrientationLandscapeLeft UIInterfaceOrientationLandscapeRight";
				LD_RUNPATH_SEARCH_PATHS = (
					"$(inherited)",
					"@executable_path/Frameworks",
				);
				MARKETING_VERSION = 1.0;
				PRODUCT_BUNDLE_IDENTIFIER = com.fmaldonado.GuessTheCharacter;
				PRODUCT_NAME = "$(TARGET_NAME)";
				SWIFT_EMIT_LOC_STRINGS = YES;
				SWIFT_VERSION = 5.0;
				TARGETED_DEVICE_FAMILY = "1,2";
			};
			name = Release;
		};
		ACD3F76C270F9E6D0031A986 /* Debug */ = {
			isa = XCBuildConfiguration;
			buildSettings = {
				ALWAYS_EMBED_SWIFT_STANDARD_LIBRARIES = YES;
				BUNDLE_LOADER = "$(TEST_HOST)";
				CODE_SIGN_STYLE = Automatic;
				CURRENT_PROJECT_VERSION = 1;
				DEVELOPMENT_TEAM = 46R45ZQFCZ;
				GENERATE_INFOPLIST_FILE = YES;
				IPHONEOS_DEPLOYMENT_TARGET = 15.0;
				LD_RUNPATH_SEARCH_PATHS = (
					"$(inherited)",
					"@executable_path/Frameworks",
					"@loader_path/Frameworks",
				);
				MARKETING_VERSION = 1.0;
				PRODUCT_BUNDLE_IDENTIFIER = com.fmaldonado.GuessTheCharacterTests;
				PRODUCT_NAME = "$(TARGET_NAME)";
				SWIFT_EMIT_LOC_STRINGS = NO;
				SWIFT_VERSION = 5.0;
				TARGETED_DEVICE_FAMILY = "1,2";
				TEST_HOST = "$(BUILT_PRODUCTS_DIR)/GuessTheCharacter.app/GuessTheCharacter";
			};
			name = Debug;
		};
		ACD3F76D270F9E6D0031A986 /* Release */ = {
			isa = XCBuildConfiguration;
			buildSettings = {
				ALWAYS_EMBED_SWIFT_STANDARD_LIBRARIES = YES;
				BUNDLE_LOADER = "$(TEST_HOST)";
				CODE_SIGN_STYLE = Automatic;
				CURRENT_PROJECT_VERSION = 1;
				DEVELOPMENT_TEAM = 46R45ZQFCZ;
				GENERATE_INFOPLIST_FILE = YES;
				IPHONEOS_DEPLOYMENT_TARGET = 15.0;
				LD_RUNPATH_SEARCH_PATHS = (
					"$(inherited)",
					"@executable_path/Frameworks",
					"@loader_path/Frameworks",
				);
				MARKETING_VERSION = 1.0;
				PRODUCT_BUNDLE_IDENTIFIER = com.fmaldonado.GuessTheCharacterTests;
				PRODUCT_NAME = "$(TARGET_NAME)";
				SWIFT_EMIT_LOC_STRINGS = NO;
				SWIFT_VERSION = 5.0;
				TARGETED_DEVICE_FAMILY = "1,2";
				TEST_HOST = "$(BUILT_PRODUCTS_DIR)/GuessTheCharacter.app/GuessTheCharacter";
			};
			name = Release;
		};
		ACD3F76F270F9E6D0031A986 /* Debug */ = {
			isa = XCBuildConfiguration;
			buildSettings = {
				ALWAYS_EMBED_SWIFT_STANDARD_LIBRARIES = YES;
				CODE_SIGN_STYLE = Automatic;
				CURRENT_PROJECT_VERSION = 1;
				DEVELOPMENT_TEAM = 46R45ZQFCZ;
				GENERATE_INFOPLIST_FILE = YES;
				LD_RUNPATH_SEARCH_PATHS = (
					"$(inherited)",
					"@executable_path/Frameworks",
					"@loader_path/Frameworks",
				);
				MARKETING_VERSION = 1.0;
				PRODUCT_BUNDLE_IDENTIFIER = com.fmaldonado.GuessTheCharacterUITests;
				PRODUCT_NAME = "$(TARGET_NAME)";
				SWIFT_EMIT_LOC_STRINGS = NO;
				SWIFT_VERSION = 5.0;
				TARGETED_DEVICE_FAMILY = "1,2";
				TEST_TARGET_NAME = RESTTutorial;
			};
			name = Debug;
		};
		ACD3F770270F9E6D0031A986 /* Release */ = {
			isa = XCBuildConfiguration;
			buildSettings = {
				ALWAYS_EMBED_SWIFT_STANDARD_LIBRARIES = YES;
				CODE_SIGN_STYLE = Automatic;
				CURRENT_PROJECT_VERSION = 1;
				DEVELOPMENT_TEAM = 46R45ZQFCZ;
				GENERATE_INFOPLIST_FILE = YES;
				LD_RUNPATH_SEARCH_PATHS = (
					"$(inherited)",
					"@executable_path/Frameworks",
					"@loader_path/Frameworks",
				);
				MARKETING_VERSION = 1.0;
				PRODUCT_BUNDLE_IDENTIFIER = com.fmaldonado.GuessTheCharacterUITests;
				PRODUCT_NAME = "$(TARGET_NAME)";
				SWIFT_EMIT_LOC_STRINGS = NO;
				SWIFT_VERSION = 5.0;
				TARGETED_DEVICE_FAMILY = "1,2";
				TEST_TARGET_NAME = RESTTutorial;
			};
			name = Release;
		};
/* End XCBuildConfiguration section */

/* Begin XCConfigurationList section */
		ACD3F739270F9E6B0031A986 /* Build configuration list for PBXProject "GuessTheCharacter" */ = {
			isa = XCConfigurationList;
			buildConfigurations = (
				ACD3F766270F9E6D0031A986 /* Debug */,
				ACD3F767270F9E6D0031A986 /* Release */,
			);
			defaultConfigurationIsVisible = 0;
			defaultConfigurationName = Release;
		};
		ACD3F768270F9E6D0031A986 /* Build configuration list for PBXNativeTarget "GuessTheCharacter" */ = {
			isa = XCConfigurationList;
			buildConfigurations = (
				ACD3F769270F9E6D0031A986 /* Debug */,
				ACD3F76A270F9E6D0031A986 /* Release */,
			);
			defaultConfigurationIsVisible = 0;
			defaultConfigurationName = Release;
		};
		ACD3F76B270F9E6D0031A986 /* Build configuration list for PBXNativeTarget "GuessTheCharacterTests" */ = {
			isa = XCConfigurationList;
			buildConfigurations = (
				ACD3F76C270F9E6D0031A986 /* Debug */,
				ACD3F76D270F9E6D0031A986 /* Release */,
			);
			defaultConfigurationIsVisible = 0;
			defaultConfigurationName = Release;
		};
		ACD3F76E270F9E6D0031A986 /* Build configuration list for PBXNativeTarget "GuessTheCharacterUITests" */ = {
			isa = XCConfigurationList;
			buildConfigurations = (
				ACD3F76F270F9E6D0031A986 /* Debug */,
				ACD3F770270F9E6D0031A986 /* Release */,
			);
			defaultConfigurationIsVisible = 0;
			defaultConfigurationName = Release;
		};
/* End XCConfigurationList section */

/* Begin XCRemoteSwiftPackageReference section */
		ACD3F77B270FB0C00031A986 /* XCRemoteSwiftPackageReference "Kingfisher" */ = {
			isa = XCRemoteSwiftPackageReference;
			repositoryURL = "https://github.com/onevcat/Kingfisher.git";
			requirement = {
				kind = upToNextMajorVersion;
				minimumVersion = 7.0.0;
			};
		};
/* End XCRemoteSwiftPackageReference section */

/* Begin XCSwiftPackageProductDependency section */
		ACD3F77C270FB0C00031A986 /* Kingfisher */ = {
			isa = XCSwiftPackageProductDependency;
			package = ACD3F77B270FB0C00031A986 /* XCRemoteSwiftPackageReference "Kingfisher" */;
			productName = Kingfisher;
		};
/* End XCSwiftPackageProductDependency section */
	};
	rootObject = ACD3F736270F9E6B0031A986 /* Project object */;
}
